
Microsoft Visual Studio Solution File, Format Version 12.00
# Visual Studio Version 16
VisualStudioVersion = 16.0.30517.126
MinimumVisualStudioVersion = 10.0.40219.1
Project("{FAE04EC0-301F-11D3-BF4B-00C04F79EFBC}") = "ScheduleAdmin", "ScheduleAdmin\ScheduleAdmin.csproj", "{640D75CB-EB61-4AB5-820D-1959610A7447}"
EndProject
Global
	GlobalSection(SolutionConfigurationPlatforms) = preSolution
		Debug|Any CPU = Debug|Any CPU
		Release|Any CPU = Release|Any CPU
	EndGlobalSection
	GlobalSection(ProjectConfigurationPlatforms) = postSolution
		{640D75CB-EB61-4AB5-820D-1959610A7447}.Debug|Any CPU.ActiveCfg = Debug|Any CPU
		{640D75CB-EB61-4AB5-820D-1959610A7447}.Debug|Any CPU.Build.0 = Debug|Any CPU
		{640D75CB-EB61-4AB5-820D-1959610A7447}.Release|Any CPU.ActiveCfg = Release|Any CPU
		{640D75CB-EB61-4AB5-820D-1959610A7447}.Release|Any CPU.Build.0 = Release|Any CPU
	EndGlobalSection
	GlobalSection(SolutionProperties) = preSolution
		HideSolutionNode = FALSE
	EndGlobalSection
	GlobalSection(ExtensibilityGlobals) = postSolution
		SolutionGuid = {D9E7ADBE-42F9-49E6-9B6E-CF6DFF190C0D}
	EndGlobalSection
EndGlobal
